
Microsoft Visual Studio Solution File, Format Version 12.00
# Visual Studio Version 17
VisualStudioVersion = 17.8.34601.278
MinimumVisualStudioVersion = 10.0.40219.1
Project("{2150E333-8FDC-42A3-9474-1A3956D46DE8}") = "src", "src", "{A0F801E1-35F9-49BC-8B7A-E86D9854890B}"
EndProject
Project("{9A19103F-16F7-4668-BE54-9A1E7A4F7556}") = "EasyCore.EventBus", "src\EasyCore.EventBus\EasyCore.EventBus.csproj", "{42DEE45B-9B04-4FEA-9650-4D2894FA8DE2}"
EndProject
Project("{9A19103F-16F7-4668-BE54-9A1E7A4F7556}") = "EasyCore.EventBus.RabbitMQ", "src\EasyCore.EventBus.RabbitMQ\EasyCore.EventBus.RabbitMQ.csproj", "{51DEEE6F-2B4E-483B-80E5-54BA0837D0BF}"
EndProject
Project("{2150E333-8FDC-42A3-9474-1A3956D46DE8}") = "demo", "demo", "{F9E3CBB2-26A2-4B0D-BA80-4B7EAB03A385}"
EndProject
Project("{2150E333-8FDC-42A3-9474-1A3956D46DE8}") = "Winform", "Winform", "{02EA681E-C7D8-13C7-8484-4AC65E1B71E8}"
EndProject
Project("{2150E333-8FDC-42A3-9474-1A3956D46DE8}") = "RabbitMq", "RabbitMq", "{95E780D0-3350-4DBD-94B0-FA24D3FDCC9D}"
EndProject
Project("{2150E333-8FDC-42A3-9474-1A3956D46DE8}") = "Kafka", "Kafka", "{7E220FC2-E7C8-4601-9226-F20FF49D3012}"
EndProject
Project("{2150E333-8FDC-42A3-9474-1A3956D46DE8}") = "Pulsar", "Pulsar", "{CE85D8CA-B691-4FCF-8056-1BB399CA8417}"
EndProject
Project("{FAE04EC0-301F-11D3-BF4B-00C04F79EFBC}") = "WebApplicationDistributed", "demo\Winform\WebApplicationDistributed\WebApplicationDistributed.csproj", "{BF5AF488-0186-E3F3-DD1D-8BAB3FC1C796}"
EndProject
Project("{FAE04EC0-301F-11D3-BF4B-00C04F79EFBC}") = "WinFormsApp", "demo\Winform\WinFormsApp\WinFormsApp.csproj", "{125CD6D8-35F5-14EB-C7BB-2CFC562A5FF9}"
EndProject
Project("{FAE04EC0-301F-11D3-BF4B-00C04F79EFBC}") = "WinFormsAppDistributed", "demo\Winform\WinFormsAppDistributed\WinFormsAppDistributed.csproj", "{E4FE71CC-1701-97F3-18EC-575B44C071C6}"
EndProject
Project("{FAE04EC0-301F-11D3-BF4B-00C04F79EFBC}") = "EasyCore.EventBus.Kafka", "src\EasyCore.EventBus.Kafka\EasyCore.EventBus.Kafka.csproj", "{354C7441-102E-D156-1534-636C52D2F5F4}"
EndProject
Project("{FAE04EC0-301F-11D3-BF4B-00C04F79EFBC}") = "EasyCore.EventBus.Pulsar", "src\EasyCore.EventBus.Pulsar\EasyCore.EventBus.Pulsar.csproj", "{EB6170CE-4F1A-D4E2-903E-4E69313F0BE3}"
EndProject
Project("{FAE04EC0-301F-11D3-BF4B-00C04F79EFBC}") = "Web.RabbitMQ", "demo\RabbitMq\Web.RabbitMQ\Web.RabbitMQ.csproj", "{34A3C942-2C20-F183-05A4-BD2288998F10}"
EndProject
Project("{FAE04EC0-301F-11D3-BF4B-00C04F79EFBC}") = "Web.RabbitMQ.Publish", "demo\RabbitMq\Web.RabbitMQ.Publish\Web.RabbitMQ.Publish.csproj", "{0787630C-96B7-1D4C-5B41-4D1B3E5E62F0}"
EndProject
Project("{FAE04EC0-301F-11D3-BF4B-00C04F79EFBC}") = "Web.Pulsar", "demo\Pulsar\Web.Pulsar\Web.Pulsar.csproj", "{B4418177-D7EF-E418-E365-E1F58707208B}"
EndProject
Project("{FAE04EC0-301F-11D3-BF4B-00C04F79EFBC}") = "Web.Pulsar.Publish", "demo\Pulsar\Web.Pulsar.Publish\Web.Pulsar.Publish.csproj", "{E3CEA5F6-A555-50B0-E8DB-843B1807D0F1}"
EndProject
Project("{FAE04EC0-301F-11D3-BF4B-00C04F79EFBC}") = "Web.Kafka", "demo\Kafka\Web.Kafka\Web.Kafka.csproj", "{E82C0D65-0257-EEDA-0682-076D84361A06}"
EndProject
Project("{FAE04EC0-301F-11D3-BF4B-00C04F79EFBC}") = "Web.Kafka.Publish", "demo\Kafka\Web.Kafka.Publish\Web.Kafka.Publish.csproj", "{D92903A0-E687-823B-1733-FA1F590436CC}"
EndProject
Project("{FAE04EC0-301F-11D3-BF4B-00C04F79EFBC}") = "EasyCore.EventBus.RedisStreams", "src\EasyCore.EventBus.RedisStreams\EasyCore.EventBus.RedisStreams.csproj", "{8B0246D2-0F15-C664-C651-4FFAB8B9F653}"
EndProject
Project("{2150E333-8FDC-42A3-9474-1A3956D46DE8}") = "Redis", "Redis", "{78868FB6-57BA-4DDE-96A4-BA1C826DA037}"
EndProject
Project("{FAE04EC0-301F-11D3-BF4B-00C04F79EFBC}") = "Web.Redis", "demo\Redis\Web.Redis\Web.Redis.csproj", "{B502BFB8-216C-923C-6935-DF0F902DFD45}"
EndProject
Project("{FAE04EC0-301F-11D3-BF4B-00C04F79EFBC}") = "Web.Redis.Publish", "demo\Redis\Web.Redis.Publish\Web.Redis.Publish.csproj", "{B0BE8C88-A5FF-0BC6-3F52-A28FFEB456F4}"
EndProject
Global
	GlobalSection(SolutionConfigurationPlatforms) = preSolution
		Debug|Any CPU = Debug|Any CPU
		Release|Any CPU = Release|Any CPU
	EndGlobalSection
	GlobalSection(ProjectConfigurationPlatforms) = postSolution
		{42DEE45B-9B04-4FEA-9650-4D2894FA8DE2}.Debug|Any CPU.ActiveCfg = Debug|Any CPU
		{42DEE45B-9B04-4FEA-9650-4D2894FA8DE2}.Debug|Any CPU.Build.0 = Debug|Any CPU
		{42DEE45B-9B04-4FEA-9650-4D2894FA8DE2}.Release|Any CPU.ActiveCfg = Release|Any CPU
		{42DEE45B-9B04-4FEA-9650-4D2894FA8DE2}.Release|Any CPU.Build.0 = Release|Any CPU
		{51DEEE6F-2B4E-483B-80E5-54BA0837D0BF}.Debug|Any CPU.ActiveCfg = Debug|Any CPU
		{51DEEE6F-2B4E-483B-80E5-54BA0837D0BF}.Debug|Any CPU.Build.0 = Debug|Any CPU
		{51DEEE6F-2B4E-483B-80E5-54BA0837D0BF}.Release|Any CPU.ActiveCfg = Release|Any CPU
		{51DEEE6F-2B4E-483B-80E5-54BA0837D0BF}.Release|Any CPU.Build.0 = Release|Any CPU
		{BF5AF488-0186-E3F3-DD1D-8BAB3FC1C796}.Debug|Any CPU.ActiveCfg = Debug|Any CPU
		{BF5AF488-0186-E3F3-DD1D-8BAB3FC1C796}.Debug|Any CPU.Build.0 = Debug|Any CPU
		{BF5AF488-0186-E3F3-DD1D-8BAB3FC1C796}.Release|Any CPU.ActiveCfg = Release|Any CPU
		{BF5AF488-0186-E3F3-DD1D-8BAB3FC1C796}.Release|Any CPU.Build.0 = Release|Any CPU
		{125CD6D8-35F5-14EB-C7BB-2CFC562A5FF9}.Debug|Any CPU.ActiveCfg = Debug|Any CPU
		{125CD6D8-35F5-14EB-C7BB-2CFC562A5FF9}.Debug|Any CPU.Build.0 = Debug|Any CPU
		{125CD6D8-35F5-14EB-C7BB-2CFC562A5FF9}.Release|Any CPU.ActiveCfg = Release|Any CPU
		{125CD6D8-35F5-14EB-C7BB-2CFC562A5FF9}.Release|Any CPU.Build.0 = Release|Any CPU
		{E4FE71CC-1701-97F3-18EC-575B44C071C6}.Debug|Any CPU.ActiveCfg = Debug|Any CPU
		{E4FE71CC-1701-97F3-18EC-575B44C071C6}.Debug|Any CPU.Build.0 = Debug|Any CPU
		{E4FE71CC-1701-97F3-18EC-575B44C071C6}.Release|Any CPU.ActiveCfg = Release|Any CPU
		{E4FE71CC-1701-97F3-18EC-575B44C071C6}.Release|Any CPU.Build.0 = Release|Any CPU
		{354C7441-102E-D156-1534-636C52D2F5F4}.Debug|Any CPU.ActiveCfg = Debug|Any CPU
		{354C7441-102E-D156-1534-636C52D2F5F4}.Debug|Any CPU.Build.0 = Debug|Any CPU
		{354C7441-102E-D156-1534-636C52D2F5F4}.Release|Any CPU.ActiveCfg = Release|Any CPU
		{354C7441-102E-D156-1534-636C52D2F5F4}.Release|Any CPU.Build.0 = Release|Any CPU
		{EB6170CE-4F1A-D4E2-903E-4E69313F0BE3}.Debug|Any CPU.ActiveCfg = Debug|Any CPU
		{EB6170CE-4F1A-D4E2-903E-4E69313F0BE3}.Debug|Any CPU.Build.0 = Debug|Any CPU
		{EB6170CE-4F1A-D4E2-903E-4E69313F0BE3}.Release|Any CPU.ActiveCfg = Release|Any CPU
		{EB6170CE-4F1A-D4E2-903E-4E69313F0BE3}.Release|Any CPU.Build.0 = Release|Any CPU
		{34A3C942-2C20-F183-05A4-BD2288998F10}.Debug|Any CPU.ActiveCfg = Debug|Any CPU
		{34A3C942-2C20-F183-05A4-BD2288998F10}.Debug|Any CPU.Build.0 = Debug|Any CPU
		{34A3C942-2C20-F183-05A4-BD2288998F10}.Release|Any CPU.ActiveCfg = Release|Any CPU
		{34A3C942-2C20-F183-05A4-BD2288998F10}.Release|Any CPU.Build.0 = Release|Any CPU
		{0787630C-96B7-1D4C-5B41-4D1B3E5E62F0}.Debug|Any CPU.ActiveCfg = Debug|Any CPU
		{0787630C-96B7-1D4C-5B41-4D1B3E5E62F0}.Debug|Any CPU.Build.0 = Debug|Any CPU
		{0787630C-96B7-1D4C-5B41-4D1B3E5E62F0}.Release|Any CPU.ActiveCfg = Release|Any CPU
		{0787630C-96B7-1D4C-5B41-4D1B3E5E62F0}.Release|Any CPU.Build.0 = Release|Any CPU
		{B4418177-D7EF-E418-E365-E1F58707208B}.Debug|Any CPU.ActiveCfg = Debug|Any CPU
		{B4418177-D7EF-E418-E365-E1F58707208B}.Debug|Any CPU.Build.0 = Debug|Any CPU
		{B4418177-D7EF-E418-E365-E1F58707208B}.Release|Any CPU.ActiveCfg = Release|Any CPU
		{B4418177-D7EF-E418-E365-E1F58707208B}.Release|Any CPU.Build.0 = Release|Any CPU
		{E3CEA5F6-A555-50B0-E8DB-843B1807D0F1}.Debug|Any CPU.ActiveCfg = Debug|Any CPU
		{E3CEA5F6-A555-50B0-E8DB-843B1807D0F1}.Debug|Any CPU.Build.0 = Debug|Any CPU
		{E3CEA5F6-A555-50B0-E8DB-843B1807D0F1}.Release|Any CPU.ActiveCfg = Release|Any CPU
		{E3CEA5F6-A555-50B0-E8DB-843B1807D0F1}.Release|Any CPU.Build.0 = Release|Any CPU
		{E82C0D65-0257-EEDA-0682-076D84361A06}.Debug|Any CPU.ActiveCfg = Debug|Any CPU
		{E82C0D65-0257-EEDA-0682-076D84361A06}.Debug|Any CPU.Build.0 = Debug|Any CPU
		{E82C0D65-0257-EEDA-0682-076D84361A06}.Release|Any CPU.ActiveCfg = Release|Any CPU
		{E82C0D65-0257-EEDA-0682-076D84361A06}.Release|Any CPU.Build.0 = Release|Any CPU
		{D92903A0-E687-823B-1733-FA1F590436CC}.Debug|Any CPU.ActiveCfg = Debug|Any CPU
		{D92903A0-E687-823B-1733-FA1F590436CC}.Debug|Any CPU.Build.0 = Debug|Any CPU
		{D92903A0-E687-823B-1733-FA1F590436CC}.Release|Any CPU.ActiveCfg = Release|Any CPU
		{D92903A0-E687-823B-1733-FA1F590436CC}.Release|Any CPU.Build.0 = Release|Any CPU
		{8B0246D2-0F15-C664-C651-4FFAB8B9F653}.Debug|Any CPU.ActiveCfg = Debug|Any CPU
		{8B0246D2-0F15-C664-C651-4FFAB8B9F653}.Debug|Any CPU.Build.0 = Debug|Any CPU
		{8B0246D2-0F15-C664-C651-4FFAB8B9F653}.Release|Any CPU.ActiveCfg = Release|Any CPU
		{8B0246D2-0F15-C664-C651-4FFAB8B9F653}.Release|Any CPU.Build.0 = Release|Any CPU
		{B502BFB8-216C-923C-6935-DF0F902DFD45}.Debug|Any CPU.ActiveCfg = Debug|Any CPU
		{B502BFB8-216C-923C-6935-DF0F902DFD45}.Debug|Any CPU.Build.0 = Debug|Any CPU
		{B502BFB8-216C-923C-6935-DF0F902DFD45}.Release|Any CPU.ActiveCfg = Release|Any CPU
		{B502BFB8-216C-923C-6935-DF0F902DFD45}.Release|Any CPU.Build.0 = Release|Any CPU
		{B0BE8C88-A5FF-0BC6-3F52-A28FFEB456F4}.Debug|Any CPU.ActiveCfg = Debug|Any CPU
		{B0BE8C88-A5FF-0BC6-3F52-A28FFEB456F4}.Debug|Any CPU.Build.0 = Debug|Any CPU
		{B0BE8C88-A5FF-0BC6-3F52-A28FFEB456F4}.Release|Any CPU.ActiveCfg = Release|Any CPU
		{B0BE8C88-A5FF-0BC6-3F52-A28FFEB456F4}.Release|Any CPU.Build.0 = Release|Any CPU
	EndGlobalSection
	GlobalSection(SolutionProperties) = preSolution
		HideSolutionNode = FALSE
	EndGlobalSection
	GlobalSection(NestedProjects) = preSolution
		{42DEE45B-9B04-4FEA-9650-4D2894FA8DE2} = {A0F801E1-35F9-49BC-8B7A-E86D9854890B}
		{51DEEE6F-2B4E-483B-80E5-54BA0837D0BF} = {A0F801E1-35F9-49BC-8B7A-E86D9854890B}
		{02EA681E-C7D8-13C7-8484-4AC65E1B71E8} = {F9E3CBB2-26A2-4B0D-BA80-4B7EAB03A385}
		{95E780D0-3350-4DBD-94B0-FA24D3FDCC9D} = {F9E3CBB2-26A2-4B0D-BA80-4B7EAB03A385}
		{7E220FC2-E7C8-4601-9226-F20FF49D3012} = {F9E3CBB2-26A2-4B0D-BA80-4B7EAB03A385}
		{CE85D8CA-B691-4FCF-8056-1BB399CA8417} = {F9E3CBB2-26A2-4B0D-BA80-4B7EAB03A385}
		{BF5AF488-0186-E3F3-DD1D-8BAB3FC1C796} = {02EA681E-C7D8-13C7-8484-4AC65E1B71E8}
		{125CD6D8-35F5-14EB-C7BB-2CFC562A5FF9} = {02EA681E-C7D8-13C7-8484-4AC65E1B71E8}
		{E4FE71CC-1701-97F3-18EC-575B44C071C6} = {02EA681E-C7D8-13C7-8484-4AC65E1B71E8}
		{354C7441-102E-D156-1534-636C52D2F5F4} = {A0F801E1-35F9-49BC-8B7A-E86D9854890B}
		{EB6170CE-4F1A-D4E2-903E-4E69313F0BE3} = {A0F801E1-35F9-49BC-8B7A-E86D9854890B}
		{34A3C942-2C20-F183-05A4-BD2288998F10} = {95E780D0-3350-4DBD-94B0-FA24D3FDCC9D}
		{0787630C-96B7-1D4C-5B41-4D1B3E5E62F0} = {95E780D0-3350-4DBD-94B0-FA24D3FDCC9D}
		{B4418177-D7EF-E418-E365-E1F58707208B} = {CE85D8CA-B691-4FCF-8056-1BB399CA8417}
		{E3CEA5F6-A555-50B0-E8DB-843B1807D0F1} = {CE85D8CA-B691-4FCF-8056-1BB399CA8417}
		{E82C0D65-0257-EEDA-0682-076D84361A06} = {7E220FC2-E7C8-4601-9226-F20FF49D3012}
		{D92903A0-E687-823B-1733-FA1F590436CC} = {7E220FC2-E7C8-4601-9226-F20FF49D3012}
		{8B0246D2-0F15-C664-C651-4FFAB8B9F653} = {A0F801E1-35F9-49BC-8B7A-E86D9854890B}
		{78868FB6-57BA-4DDE-96A4-BA1C826DA037} = {F9E3CBB2-26A2-4B0D-BA80-4B7EAB03A385}
		{B502BFB8-216C-923C-6935-DF0F902DFD45} = {78868FB6-57BA-4DDE-96A4-BA1C826DA037}
		{B0BE8C88-A5FF-0BC6-3F52-A28FFEB456F4} = {78868FB6-57BA-4DDE-96A4-BA1C826DA037}
	EndGlobalSection
	GlobalSection(ExtensibilityGlobals) = postSolution
		SolutionGuid = {A6FC7014-7779-4C63-986A-FBE069F25C28}
	EndGlobalSection
EndGlobal
